
Microsoft Visual Studio Solution File, Format Version 12.00
# Visual Studio Version 16
VisualStudioVersion = 16.0.29409.12
MinimumVisualStudioVersion = 10.0.40219.1
Project("{FAE04EC0-301F-11D3-BF4B-00C04F79EFBC}") = "TestCode", "TestCode\TestCode.csproj", "{86E60E03-847F-46AD-A3CC-6145E4B9701C}"
EndProject
Project("{2150E333-8FDC-42A3-9474-1A3956D46DE8}") = "ImportantAlgorithms", "ImportantAlgorithms", "{D9859DA8-52CD-4A95-B3FC-C6593701D898}"
EndProject
Project("{FAE04EC0-301F-11D3-BF4B-00C04F79EFBC}") = "NQueens", "ImportantAlgorithms\NQueens\NQueens.csproj", "{DA545C49-846E-4539-A39E-8ACC10ED7BF2}"
EndProject
Project("{2150E333-8FDC-42A3-9474-1A3956D46DE8}") = "GreedyChallenges", "GreedyChallenges", "{5851673A-83C8-446D-8D61-78A647D3EEF7}"
EndProject
Project("{FAE04EC0-301F-11D3-BF4B-00C04F79EFBC}") = "Greedy_01_Minimum-Absolute-Difference-in-an-Array", "GreedyChallenges\Greedy_01_Minimum-Absolute-Difference-in-an-Array\Greedy_01_Minimum-Absolute-Difference-in-an-Array.csproj", "{457466B1-856F-49AF-B826-083536FE3D29}"
EndProject
Project("{FAE04EC0-301F-11D3-BF4B-00C04F79EFBC}") = "Greedy_02_Marcs-Cakewalk", "GreedyChallenges\Greedy_02_Marcs-Cakewalk\Greedy_02_Marcs-Cakewalk.csproj", "{67E1CA80-D789-4CF0-87A7-4AFAEAFE7365}"
EndProject
Project("{FAE04EC0-301F-11D3-BF4B-00C04F79EFBC}") = "PE_193_SquarefreeNumbers", "ProjectEuler\ProjectEuler_193_SquarefreeNumbers\PE_193_SquarefreeNumbers.csproj", "{84A75CB7-1EE8-4045-93D1-CDB517FF91E7}"
EndProject
Project("{2150E333-8FDC-42A3-9474-1A3956D46DE8}") = "ProjectEuler", "ProjectEuler", "{4C6EA1BB-D9E6-489C-89D2-47532C07BA4F}"
EndProject
Project("{2150E333-8FDC-42A3-9474-1A3956D46DE8}") = "Sorting", "Sorting", "{4D884391-403B-44BE-9BCD-729BBDBB987F}"
EndProject
Project("{FAE04EC0-301F-11D3-BF4B-00C04F79EFBC}") = "Algorithms_QuickSort", "Sorting\Algorithms_QuickSort\Algorithms_QuickSort.csproj", "{33069A50-38EA-4727-8E9D-E84C4BAD2A69}"
EndProject
Project("{FAE04EC0-301F-11D3-BF4B-00C04F79EFBC}") = "Sorting_01_big-sorting", "Sorting\Sorting_01_big-sorting\Sorting_01_big-sorting.csproj", "{007D963A-04DF-492C-9586-C3700FF952DC}"
EndProject
Project("{FAE04EC0-301F-11D3-BF4B-00C04F79EFBC}") = "Sorting_02_Intro-to-Tutorial-Challenges", "Sorting\Sorting_02_Intro-to-Tutorial-Challenges\Sorting_02_Intro-to-Tutorial-Challenges.csproj", "{1ADC6FFA-5719-4697-80C7-8A67B915F416}"
EndProject
Project("{FAE04EC0-301F-11D3-BF4B-00C04F79EFBC}") = "Sorting_03_Insertion_sort_part_1", "Sorting\Sorting_03_Insertion_sort_part_1\Sorting_03_Insertion_sort_part_1.csproj", "{2D4A0CD3-6345-4E51-B955-3EE8AEE87BF0}"
EndProject
Project("{FAE04EC0-301F-11D3-BF4B-00C04F79EFBC}") = "Sorting_04_Insertion_sort_part_2", "Sorting\Sorting_04_Insertion_sort_part_2\Sorting_04_Insertion_sort_part_2.csproj", "{45350221-0922-401B-803C-64AB3FF8CE8F}"
EndProject
Project("{FAE04EC0-301F-11D3-BF4B-00C04F79EFBC}") = "Sorting_05_Correctness-and-the-Loop-Invariant", "Sorting\Sorting_05_Correctness-and-the-Loop-Invariant\Sorting_05_Correctness-and-the-Loop-Invariant.csproj", "{E7C38947-6562-48F7-B3E9-2E846A82428D}"
EndProject
Project("{FAE04EC0-301F-11D3-BF4B-00C04F79EFBC}") = "Sorting_06_Running-Time-of-Algorithms", "Sorting\Sorting_06_Running-Time-of-Algorithms\Sorting_06_Running-Time-of-Algorithms.csproj", "{29309787-5B44-4A57-B57B-A9095A1E8102}"
EndProject
Project("{FAE04EC0-301F-11D3-BF4B-00C04F79EFBC}") = "Sorting_07_Quicksort-1-Partition", "Sorting\Sorting_07_Quicksort-1-Partition\Sorting_07_Quicksort-1-Partition.csproj", "{C86ED7AA-272C-496B-8583-2C56FE3BBF78}"
EndProject
Project("{FAE04EC0-301F-11D3-BF4B-00C04F79EFBC}") = "Sorting_08_Quicksort-2-Sorting", "Sorting\Sorting_08_Quicksort-2-Sorting\Sorting_08_Quicksort-2-Sorting.csproj", "{4EFE8520-5658-44AF-8A7A-D53C5D4CBFE2}"
EndProject
Project("{FAE04EC0-301F-11D3-BF4B-00C04F79EFBC}") = "Sorting_09_Quicksort-In-Place", "Sorting\Sorting_09_Quicksort-In-Place\Sorting_09_Quicksort-In-Place.csproj", "{C42C68EE-CA1D-435F-B925-BE8BA312BF83}"
EndProject
Project("{FAE04EC0-301F-11D3-BF4B-00C04F79EFBC}") = "Sorting_10_Running-Time-of-Quicksort", "Sorting\Sorting_10_Running-Time-of-Quicksort\Sorting_10_Running-Time-of-Quicksort.csproj", "{3FDA7227-40C6-4BD6-8FD2-CFFE59D03A8C}"
EndProject
Project("{2150E333-8FDC-42A3-9474-1A3956D46DE8}") = "Search", "Search", "{F08013FE-D8B2-4A5F-997C-C17813B8FD88}"
EndProject
Project("{FAE04EC0-301F-11D3-BF4B-00C04F79EFBC}") = "Search_01_Hackerland-Radio-Transmitters", "Search\Search_01_Hackerland-Radio-Transmitters\Search_01_Hackerland-Radio-Transmitters.csproj", "{AD89E9E1-394D-4B7C-9BB2-2C1427AAD901}"
EndProject
Project("{FAE04EC0-301F-11D3-BF4B-00C04F79EFBC}") = "Search_02_Gridland-Metro", "Search\Search_02_Gridland-Metro\Search_02_Gridland-Metro.csproj", "{E9BA2E97-F0A5-4910-9EB9-E454F073995C}"
EndProject
Project("{FAE04EC0-301F-11D3-BF4B-00C04F79EFBC}") = "Search_03_IceCreamParlor", "Search\Search_03_IceCreamParlor\Search_03_IceCreamParlor.csproj", "{399A9FA9-98FD-4477-81DE-6161FA669A9C}"
EndProject
Project("{FAE04EC0-301F-11D3-BF4B-00C04F79EFBC}") = "Search_06_Missing_Numbers", "Search\Search_06_Missing_Numbers\Search_06_Missing_Numbers.csproj", "{3EDF11BC-D1E6-47B0-AB15-454998708F68}"
EndProject
Project("{2150E333-8FDC-42A3-9474-1A3956D46DE8}") = "BitManipulation", "BitManipulation", "{AF946C0E-FE75-4DA9-9A3B-F5074E763CF1}"
EndProject
Project("{FAE04EC0-301F-11D3-BF4B-00C04F79EFBC}") = "BM_01_Lonely-Integer", "BitManipulation\BM_01_Lonely-Integer\BM_01_Lonely-Integer.csproj", "{4C73293F-6AEE-438F-9E5B-F22B4BB4E7EE}"
EndProject
Project("{FAE04EC0-301F-11D3-BF4B-00C04F79EFBC}") = "BM_02_Maximizing_XOR", "BitManipulation\BM_02_Maximizing_XOR\BM_02_Maximizing_XOR.csproj", "{1A8F0799-AC98-48AB-B714-5082BDAAB7B0}"
EndProject
Project("{FAE04EC0-301F-11D3-BF4B-00C04F79EFBC}") = "BM_03_Counter-game", "BitManipulation\BM_03_Counter-game\BM_03_Counter-game.csproj", "{15E519A0-C288-4407-AF5C-EEFC36B09E2A}"
EndProject
Project("{2150E333-8FDC-42A3-9474-1A3956D46DE8}") = "Warmup", "Warmup", "{A82BB8A1-CAE7-4ADE-A9D6-64E25FBCBD82}"
EndProject
Project("{FAE04EC0-301F-11D3-BF4B-00C04F79EFBC}") = "CompareTheTriplets", "Warmup\CompareTheTriplets\CompareTheTriplets.csproj", "{13A8DD34-4101-4C13-BCC2-4B3FDA7BDECA}"
EndProject
Project("{FAE04EC0-301F-11D3-BF4B-00C04F79EFBC}") = "BM_04_Xor-sequence", "BM_04_Xor-sequence\BM_04_Xor-sequence.csproj", "{25717C8F-246D-4876-8DD8-235C1F8555DF}"
EndProject
Project("{2150E333-8FDC-42A3-9474-1A3956D46DE8}") = "Implementation", "Implementation", "{C302B95F-34D2-4C3E-B709-62D53B9BE8B0}"
EndProject
Project("{FAE04EC0-301F-11D3-BF4B-00C04F79EFBC}") = "I_01_GradingStudents", "Implementation\I_01_GradingStudents\I_01_GradingStudents.csproj", "{D6002ABA-8724-42AA-83B4-922F1C92300B}"
EndProject
Project("{FAE04EC0-301F-11D3-BF4B-00C04F79EFBC}") = "I_09_DayOfTheProgrammer", "Implementation\I_09_DayOfTheProgrammer\I_09_DayOfTheProgrammer.csproj", "{2825DB33-5D4E-4072-8238-C93039CCB111}"
EndProject
Project("{2150E333-8FDC-42A3-9474-1A3956D46DE8}") = "Strings", "Strings", "{572EA565-3C7C-4F2A-A701-67B12F119F88}"
EndProject
Project("{FAE04EC0-301F-11D3-BF4B-00C04F79EFBC}") = "S_01_SuperReducedString", "Strings\S_01_SuperReducedString\S_01_SuperReducedString.csproj", "{FD575EE5-34BB-43A0-B822-00629FD30A27}"
EndProject
Project("{FAE04EC0-301F-11D3-BF4B-00C04F79EFBC}") = "PE_218_PerfectRightAngledTriangles", "ProjectEuler\PE_218_PerfectRightAngledTriangles\PE_218_PerfectRightAngledTriangles.csproj", "{63799E5B-20C2-4DD6-AECB-C07A0459F35E}"
EndProject
Project("{FAE04EC0-301F-11D3-BF4B-00C04F79EFBC}") = "BinaryGap", "Codility\BinaryGap\BinaryGap.csproj", "{DA68A7E2-B4A8-4577-94C8-7A74F9EABEB6}"
EndProject
Project("{2150E333-8FDC-42A3-9474-1A3956D46DE8}") = "Codility", "Codility", "{C6EDD2B3-BC7F-4C76-8B18-EAFD3936CDCE}"
EndProject
Project("{2150E333-8FDC-42A3-9474-1A3956D46DE8}") = "Greedy", "Greedy", "{50C27B25-FEAA-41E9-BE78-11BE6804D6C8}"
EndProject
Project("{FAE04EC0-301F-11D3-BF4B-00C04F79EFBC}") = "MaximumPerimeterTriangle", "Greedy\MaximumPerimeterTriangle\MaximumPerimeterTriangle.csproj", "{AC5C5E30-5DA5-4F37-9D5A-DC267AB14C2C}"
EndProject
Project("{FAE04EC0-301F-11D3-BF4B-00C04F79EFBC}") = "LuckBalance", "Greedy\LuckBalance\LuckBalance.csproj", "{42F6EC03-C84C-4419-B45A-1F0F0DAA4D56}"
EndProject
Project("{FAE04EC0-301F-11D3-BF4B-00C04F79EFBC}") = "MaxMin", "Greedy\MaxMin\MaxMin.csproj", "{FC6AE347-CA5C-4790-A227-72F9B9C33C85}"
EndProject
Project("{FAE04EC0-301F-11D3-BF4B-00C04F79EFBC}") = "CuttingBoards", "Greedy\CuttingBoards\CuttingBoards.csproj", "{9EA5B310-66A2-4A7C-ABA1-1BA291B81B19}"
EndProject
Project("{2150E333-8FDC-42A3-9474-1A3956D46DE8}") = "Algo", "Algo", "{6EBBFE0E-BA18-45D5-A625-CEBCDBD4B43D}"
EndProject
Project("{FAE04EC0-301F-11D3-BF4B-00C04F79EFBC}") = "Knapsack", "Algo\Knapsack\Knapsack.csproj", "{205D9CA7-A5B6-40F0-BFB4-850A7BCFDE8B}"
EndProject
Project("{FAE04EC0-301F-11D3-BF4B-00C04F79EFBC}") = "FibonacciNumber", "Algo\FibonacciNumber\FibonacciNumber.csproj", "{8001E4A5-35A5-4A7D-95B9-494CA902BBA2}"
EndProject
Project("{FAE04EC0-301F-11D3-BF4B-00C04F79EFBC}") = "CoinChange", "Algo\CoinChange\CoinChange.csproj", "{46EDFF5C-D6C2-4838-AE42-205FC11AC4FC}"
EndProject
Project("{2150E333-8FDC-42A3-9474-1A3956D46DE8}") = "DP", "DP", "{CE90FAE8-E557-4AF0-B990-A322B60ADC5E}"
EndProject
Project("{FAE04EC0-301F-11D3-BF4B-00C04F79EFBC}") = "TheCoinChangeProblem", "DP\TheCoinChangeProblem\TheCoinChangeProblem.csproj", "{AB563F1F-064D-413B-9EAE-AF206FF15C9F}"
EndProject
Project("{FAE04EC0-301F-11D3-BF4B-00C04F79EFBC}") = "UboundedKnapsack", "Algo\UboundedKnapsack\UboundedKnapsack.csproj", "{478464FE-D2EB-4A8E-B957-641AA9064FC7}"
EndProject
Project("{FAE04EC0-301F-11D3-BF4B-00C04F79EFBC}") = "Knapsack", "DP\Knapsack\Knapsack.csproj", "{4DB6326F-9E8E-4886-A6A8-4355D86D5F97}"
EndProject
Project("{FAE04EC0-301F-11D3-BF4B-00C04F79EFBC}") = "TheMaximumSubarray", "DP\TheMaximumSubarray\TheMaximumSubarray.csproj", "{4739670A-93E9-4E70-8917-D4E392901548}"
EndProject
Project("{FAE04EC0-301F-11D3-BF4B-00C04F79EFBC}") = "FibonacciModified", "DP\FibonacciModified\FibonacciModified.csproj", "{DE9C5BE5-8F8E-4DAE-BB51-9A3A60844076}"
EndProject
Project("{2150E333-8FDC-42A3-9474-1A3956D46DE8}") = "Contest", "Contest", "{C64711A2-46B9-410E-8366-1359B7D16D3B}"
EndProject
Project("{2150E333-8FDC-42A3-9474-1A3956D46DE8}") = "UniversityCodesprint5", "UniversityCodesprint5", "{0A0ADF37-1EB2-429B-BDF9-9005EF956483}"
EndProject
Project("{FAE04EC0-301F-11D3-BF4B-00C04F79EFBC}") = "ExceedingTheSpeedLimit", "Contest\UniversityCodesprint5\ExceedingTheSpeedLimit\ExceedingTheSpeedLimit.csproj", "{67265433-78BA-40CF-B524-8C02689DEC9F}"
EndProject
Project("{FAE04EC0-301F-11D3-BF4B-00C04F79EFBC}") = "LimitXOR", "Contest\UniversityCodesprint5\LimitXOR\LimitXOR.csproj", "{E516CBEA-1542-462A-8885-12AF9F0D9923}"
EndProject
Project("{FAE04EC0-301F-11D3-BF4B-00C04F79EFBC}") = "ArrayTriplets", "Contest\UniversityCodesprint5\ArrayTriplets\ArrayTriplets.csproj", "{669DB51A-F7A3-4915-85C4-843D60C664C8}"
EndProject
Project("{FAE04EC0-301F-11D3-BF4B-00C04F79EFBC}") = "A_B_SpecialPoints", "Contest\UniversityCodesprint5\A_B_SpecialPoints\A_B_SpecialPoints.csproj", "{2A3B9C2F-F6FE-4B29-B2BE-5FD052FD23E2}"
EndProject
Project("{FAE04EC0-301F-11D3-BF4B-00C04F79EFBC}") = "SwordProfit", "Contest\UniversityCodesprint5\SwordProfit\SwordProfit.csproj", "{9A64A34B-D4ED-4267-AF64-74CAF17270C3}"
EndProject
Project("{FAE04EC0-301F-11D3-BF4B-00C04F79EFBC}") = "CubeLovingNumbers", "Contest\UniversityCodesprint5\CubeLovingNumbers\CubeLovingNumbers.csproj", "{CAAD4B77-EAAB-4DF1-8FB2-2D7F5547ACA3}"
EndProject
Project("{FAE04EC0-301F-11D3-BF4B-00C04F79EFBC}") = "LongestCommonSubsequence", "Algo\LongestCommonSubsequence\LongestCommonSubsequence.csproj", "{2AFE9BC9-67F8-4883-95A9-3DD4F3BF39E9}"
EndProject
Project("{FAE04EC0-301F-11D3-BF4B-00C04F79EFBC}") = "LongestIncreasingSubsequence", "Algo\LongestIncreasingSubsequence\LongestIncreasingSubsequence.csproj", "{C22A094F-88B8-4BA2-B761-53EF345F1572}"
EndProject
Project("{FAE04EC0-301F-11D3-BF4B-00C04F79EFBC}") = "TheLongestCommonSubsequence", "DP\TheLongestCommonSubsequence\TheLongestCommonSubsequence.csproj", "{534271F1-FAFE-4281-BEA3-0EF6FA00C96C}"
EndProject
Project("{FAE04EC0-301F-11D3-BF4B-00C04F79EFBC}") = "TheLongestIncreasingSubsequence", "Algo\TheLongestIncreasingSubsequence\TheLongestIncreasingSubsequence.csproj", "{50324BA1-2352-42EA-9E1E-CCABAE1871A5}"
EndProject
Project("{FAE04EC0-301F-11D3-BF4B-00C04F79EFBC}") = "PossibleSubsets", "Algo\PossibleSubsets\PossibleSubsets.csproj", "{1A161232-F63D-44BA-950B-40E034DD6408}"
EndProject
Project("{FAE04EC0-301F-11D3-BF4B-00C04F79EFBC}") = "UboundedWeightedKnapsack", "Algo\UboundedWeightedKnapsack\UboundedWeightedKnapsack.csproj", "{D8F8F40B-7772-438E-8FA6-8A80DE32F73F}"
EndProject
Project("{FAE04EC0-301F-11D3-BF4B-00C04F79EFBC}") = "MinimumCostToFillGivenWeightInBag", "Algo\MinimumCostToFillGivenWeightInBag\MinimumCostToFillGivenWeightInBag.csproj", "{9F89F653-D24D-499F-A834-062BF05F9C30}"
EndProject
Project("{2150E333-8FDC-42A3-9474-1A3956D46DE8}") = "PreparationKit", "PreparationKit", "{2E74F616-58C7-4860-B753-9F677C7CB905}"
EndProject
Project("{FAE04EC0-301F-11D3-BF4B-00C04F79EFBC}") = "WarmUp", "PreparationKit\WarmUp\WarmUp.csproj", "{9642D433-855C-417F-AC57-FD0F0FABA36F}"
EndProject
Project("{2150E333-8FDC-42A3-9474-1A3956D46DE8}") = "Companies", "Companies", "{3BDDD0AB-247A-480C-A578-ACDE2C8EA474}"
EndProject
Project("{FAE04EC0-301F-11D3-BF4B-00C04F79EFBC}") = "Optiver", "Companies\Optiver\Optiver.csproj", "{A4988B8E-A874-4A47-9039-6C80BA7759E1}"
EndProject
Project("{2150E333-8FDC-42A3-9474-1A3956D46DE8}") = "Leetcode", "Leetcode", "{083AD63F-D594-4D0E-AED0-BBBDDC3188A5}"
EndProject
Project("{FAE04EC0-301F-11D3-BF4B-00C04F79EFBC}") = "Leetcode", "Leetcode\Leetcode\Leetcode.csproj", "{E5DC55CB-A5AB-47A9-A904-33942935AEDC}"
EndProject
Project("{FAE04EC0-301F-11D3-BF4B-00C04F79EFBC}") = "Avira", "Companies\Avira\Avira.csproj", "{C4CF91B4-6A9A-4ED5-A7B7-A7435EF061C4}"
EndProject
Project("{FAE04EC0-301F-11D3-BF4B-00C04F79EFBC}") = "Contest", "Leetcode\Contest\Contest.csproj", "{0946C032-EBC6-4AF4-BEB8-235A64FFEBEC}"
EndProject
Project("{FAE04EC0-301F-11D3-BF4B-00C04F79EFBC}") = "MS1", "Companies\MS1\MS1.csproj", "{2C932C31-9E47-46ED-8527-877CFA135FA7}"
EndProject
Global
	GlobalSection(SolutionConfigurationPlatforms) = preSolution
		Debug|Any CPU = Debug|Any CPU
		Release|Any CPU = Release|Any CPU
	EndGlobalSection
	GlobalSection(ProjectConfigurationPlatforms) = postSolution
		{86E60E03-847F-46AD-A3CC-6145E4B9701C}.Debug|Any CPU.ActiveCfg = Debug|Any CPU
		{86E60E03-847F-46AD-A3CC-6145E4B9701C}.Debug|Any CPU.Build.0 = Debug|Any CPU
		{86E60E03-847F-46AD-A3CC-6145E4B9701C}.Release|Any CPU.ActiveCfg = Release|Any CPU
		{86E60E03-847F-46AD-A3CC-6145E4B9701C}.Release|Any CPU.Build.0 = Release|Any CPU
		{DA545C49-846E-4539-A39E-8ACC10ED7BF2}.Debug|Any CPU.ActiveCfg = Debug|Any CPU
		{DA545C49-846E-4539-A39E-8ACC10ED7BF2}.Debug|Any CPU.Build.0 = Debug|Any CPU
		{DA545C49-846E-4539-A39E-8ACC10ED7BF2}.Release|Any CPU.ActiveCfg = Release|Any CPU
		{DA545C49-846E-4539-A39E-8ACC10ED7BF2}.Release|Any CPU.Build.0 = Release|Any CPU
		{457466B1-856F-49AF-B826-083536FE3D29}.Debug|Any CPU.ActiveCfg = Debug|Any CPU
		{457466B1-856F-49AF-B826-083536FE3D29}.Debug|Any CPU.Build.0 = Debug|Any CPU
		{457466B1-856F-49AF-B826-083536FE3D29}.Release|Any CPU.ActiveCfg = Release|Any CPU
		{457466B1-856F-49AF-B826-083536FE3D29}.Release|Any CPU.Build.0 = Release|Any CPU
		{67E1CA80-D789-4CF0-87A7-4AFAEAFE7365}.Debug|Any CPU.ActiveCfg = Debug|Any CPU
		{67E1CA80-D789-4CF0-87A7-4AFAEAFE7365}.Debug|Any CPU.Build.0 = Debug|Any CPU
		{67E1CA80-D789-4CF0-87A7-4AFAEAFE7365}.Release|Any CPU.ActiveCfg = Release|Any CPU
		{67E1CA80-D789-4CF0-87A7-4AFAEAFE7365}.Release|Any CPU.Build.0 = Release|Any CPU
		{84A75CB7-1EE8-4045-93D1-CDB517FF91E7}.Debug|Any CPU.ActiveCfg = Debug|Any CPU
		{84A75CB7-1EE8-4045-93D1-CDB517FF91E7}.Debug|Any CPU.Build.0 = Debug|Any CPU
		{84A75CB7-1EE8-4045-93D1-CDB517FF91E7}.Release|Any CPU.ActiveCfg = Release|Any CPU
		{84A75CB7-1EE8-4045-93D1-CDB517FF91E7}.Release|Any CPU.Build.0 = Release|Any CPU
		{33069A50-38EA-4727-8E9D-E84C4BAD2A69}.Debug|Any CPU.ActiveCfg = Debug|Any CPU
		{33069A50-38EA-4727-8E9D-E84C4BAD2A69}.Debug|Any CPU.Build.0 = Debug|Any CPU
		{33069A50-38EA-4727-8E9D-E84C4BAD2A69}.Release|Any CPU.ActiveCfg = Release|Any CPU
		{33069A50-38EA-4727-8E9D-E84C4BAD2A69}.Release|Any CPU.Build.0 = Release|Any CPU
		{007D963A-04DF-492C-9586-C3700FF952DC}.Debug|Any CPU.ActiveCfg = Debug|Any CPU
		{007D963A-04DF-492C-9586-C3700FF952DC}.Debug|Any CPU.Build.0 = Debug|Any CPU
		{007D963A-04DF-492C-9586-C3700FF952DC}.Release|Any CPU.ActiveCfg = Release|Any CPU
		{007D963A-04DF-492C-9586-C3700FF952DC}.Release|Any CPU.Build.0 = Release|Any CPU
		{1ADC6FFA-5719-4697-80C7-8A67B915F416}.Debug|Any CPU.ActiveCfg = Debug|Any CPU
		{1ADC6FFA-5719-4697-80C7-8A67B915F416}.Debug|Any CPU.Build.0 = Debug|Any CPU
		{1ADC6FFA-5719-4697-80C7-8A67B915F416}.Release|Any CPU.ActiveCfg = Release|Any CPU
		{1ADC6FFA-5719-4697-80C7-8A67B915F416}.Release|Any CPU.Build.0 = Release|Any CPU
		{2D4A0CD3-6345-4E51-B955-3EE8AEE87BF0}.Debug|Any CPU.ActiveCfg = Debug|Any CPU
		{2D4A0CD3-6345-4E51-B955-3EE8AEE87BF0}.Debug|Any CPU.Build.0 = Debug|Any CPU
		{2D4A0CD3-6345-4E51-B955-3EE8AEE87BF0}.Release|Any CPU.ActiveCfg = Release|Any CPU
		{2D4A0CD3-6345-4E51-B955-3EE8AEE87BF0}.Release|Any CPU.Build.0 = Release|Any CPU
		{45350221-0922-401B-803C-64AB3FF8CE8F}.Debug|Any CPU.ActiveCfg = Debug|Any CPU
		{45350221-0922-401B-803C-64AB3FF8CE8F}.Debug|Any CPU.Build.0 = Debug|Any CPU
		{45350221-0922-401B-803C-64AB3FF8CE8F}.Release|Any CPU.ActiveCfg = Release|Any CPU
		{45350221-0922-401B-803C-64AB3FF8CE8F}.Release|Any CPU.Build.0 = Release|Any CPU
		{E7C38947-6562-48F7-B3E9-2E846A82428D}.Debug|Any CPU.ActiveCfg = Debug|Any CPU
		{E7C38947-6562-48F7-B3E9-2E846A82428D}.Debug|Any CPU.Build.0 = Debug|Any CPU
		{E7C38947-6562-48F7-B3E9-2E846A82428D}.Release|Any CPU.ActiveCfg = Release|Any CPU
		{E7C38947-6562-48F7-B3E9-2E846A82428D}.Release|Any CPU.Build.0 = Release|Any CPU
		{29309787-5B44-4A57-B57B-A9095A1E8102}.Debug|Any CPU.ActiveCfg = Debug|Any CPU
		{29309787-5B44-4A57-B57B-A9095A1E8102}.Debug|Any CPU.Build.0 = Debug|Any CPU
		{29309787-5B44-4A57-B57B-A9095A1E8102}.Release|Any CPU.ActiveCfg = Release|Any CPU
		{29309787-5B44-4A57-B57B-A9095A1E8102}.Release|Any CPU.Build.0 = Release|Any CPU
		{C86ED7AA-272C-496B-8583-2C56FE3BBF78}.Debug|Any CPU.ActiveCfg = Debug|Any CPU
		{C86ED7AA-272C-496B-8583-2C56FE3BBF78}.Debug|Any CPU.Build.0 = Debug|Any CPU
		{C86ED7AA-272C-496B-8583-2C56FE3BBF78}.Release|Any CPU.ActiveCfg = Release|Any CPU
		{C86ED7AA-272C-496B-8583-2C56FE3BBF78}.Release|Any CPU.Build.0 = Release|Any CPU
		{4EFE8520-5658-44AF-8A7A-D53C5D4CBFE2}.Debug|Any CPU.ActiveCfg = Debug|Any CPU
		{4EFE8520-5658-44AF-8A7A-D53C5D4CBFE2}.Debug|Any CPU.Build.0 = Debug|Any CPU
		{4EFE8520-5658-44AF-8A7A-D53C5D4CBFE2}.Release|Any CPU.ActiveCfg = Release|Any CPU
		{4EFE8520-5658-44AF-8A7A-D53C5D4CBFE2}.Release|Any CPU.Build.0 = Release|Any CPU
		{C42C68EE-CA1D-435F-B925-BE8BA312BF83}.Debug|Any CPU.ActiveCfg = Debug|Any CPU
		{C42C68EE-CA1D-435F-B925-BE8BA312BF83}.Debug|Any CPU.Build.0 = Debug|Any CPU
		{C42C68EE-CA1D-435F-B925-BE8BA312BF83}.Release|Any CPU.ActiveCfg = Release|Any CPU
		{C42C68EE-CA1D-435F-B925-BE8BA312BF83}.Release|Any CPU.Build.0 = Release|Any CPU
		{3FDA7227-40C6-4BD6-8FD2-CFFE59D03A8C}.Debug|Any CPU.ActiveCfg = Debug|Any CPU
		{3FDA7227-40C6-4BD6-8FD2-CFFE59D03A8C}.Debug|Any CPU.Build.0 = Debug|Any CPU
		{3FDA7227-40C6-4BD6-8FD2-CFFE59D03A8C}.Release|Any CPU.ActiveCfg = Release|Any CPU
		{3FDA7227-40C6-4BD6-8FD2-CFFE59D03A8C}.Release|Any CPU.Build.0 = Release|Any CPU
		{AD89E9E1-394D-4B7C-9BB2-2C1427AAD901}.Debug|Any CPU.ActiveCfg = Debug|Any CPU
		{AD89E9E1-394D-4B7C-9BB2-2C1427AAD901}.Debug|Any CPU.Build.0 = Debug|Any CPU
		{AD89E9E1-394D-4B7C-9BB2-2C1427AAD901}.Release|Any CPU.ActiveCfg = Release|Any CPU
		{AD89E9E1-394D-4B7C-9BB2-2C1427AAD901}.Release|Any CPU.Build.0 = Release|Any CPU
		{E9BA2E97-F0A5-4910-9EB9-E454F073995C}.Debug|Any CPU.ActiveCfg = Debug|Any CPU
		{E9BA2E97-F0A5-4910-9EB9-E454F073995C}.Debug|Any CPU.Build.0 = Debug|Any CPU
		{E9BA2E97-F0A5-4910-9EB9-E454F073995C}.Release|Any CPU.ActiveCfg = Release|Any CPU
		{E9BA2E97-F0A5-4910-9EB9-E454F073995C}.Release|Any CPU.Build.0 = Release|Any CPU
		{399A9FA9-98FD-4477-81DE-6161FA669A9C}.Debug|Any CPU.ActiveCfg = Debug|Any CPU
		{399A9FA9-98FD-4477-81DE-6161FA669A9C}.Debug|Any CPU.Build.0 = Debug|Any CPU
		{399A9FA9-98FD-4477-81DE-6161FA669A9C}.Release|Any CPU.ActiveCfg = Release|Any CPU
		{399A9FA9-98FD-4477-81DE-6161FA669A9C}.Release|Any CPU.Build.0 = Release|Any CPU
		{3EDF11BC-D1E6-47B0-AB15-454998708F68}.Debug|Any CPU.ActiveCfg = Debug|Any CPU
		{3EDF11BC-D1E6-47B0-AB15-454998708F68}.Debug|Any CPU.Build.0 = Debug|Any CPU
		{3EDF11BC-D1E6-47B0-AB15-454998708F68}.Release|Any CPU.ActiveCfg = Release|Any CPU
		{3EDF11BC-D1E6-47B0-AB15-454998708F68}.Release|Any CPU.Build.0 = Release|Any CPU
		{4C73293F-6AEE-438F-9E5B-F22B4BB4E7EE}.Debug|Any CPU.ActiveCfg = Debug|Any CPU
		{4C73293F-6AEE-438F-9E5B-F22B4BB4E7EE}.Debug|Any CPU.Build.0 = Debug|Any CPU
		{4C73293F-6AEE-438F-9E5B-F22B4BB4E7EE}.Release|Any CPU.ActiveCfg = Release|Any CPU
		{4C73293F-6AEE-438F-9E5B-F22B4BB4E7EE}.Release|Any CPU.Build.0 = Release|Any CPU
		{1A8F0799-AC98-48AB-B714-5082BDAAB7B0}.Debug|Any CPU.ActiveCfg = Debug|Any CPU
		{1A8F0799-AC98-48AB-B714-5082BDAAB7B0}.Debug|Any CPU.Build.0 = Debug|Any CPU
		{1A8F0799-AC98-48AB-B714-5082BDAAB7B0}.Release|Any CPU.ActiveCfg = Release|Any CPU
		{1A8F0799-AC98-48AB-B714-5082BDAAB7B0}.Release|Any CPU.Build.0 = Release|Any CPU
		{15E519A0-C288-4407-AF5C-EEFC36B09E2A}.Debug|Any CPU.ActiveCfg = Debug|Any CPU
		{15E519A0-C288-4407-AF5C-EEFC36B09E2A}.Debug|Any CPU.Build.0 = Debug|Any CPU
		{15E519A0-C288-4407-AF5C-EEFC36B09E2A}.Release|Any CPU.ActiveCfg = Release|Any CPU
		{15E519A0-C288-4407-AF5C-EEFC36B09E2A}.Release|Any CPU.Build.0 = Release|Any CPU
		{13A8DD34-4101-4C13-BCC2-4B3FDA7BDECA}.Debug|Any CPU.ActiveCfg = Debug|Any CPU
		{13A8DD34-4101-4C13-BCC2-4B3FDA7BDECA}.Debug|Any CPU.Build.0 = Debug|Any CPU
		{13A8DD34-4101-4C13-BCC2-4B3FDA7BDECA}.Release|Any CPU.ActiveCfg = Release|Any CPU
		{13A8DD34-4101-4C13-BCC2-4B3FDA7BDECA}.Release|Any CPU.Build.0 = Release|Any CPU
		{25717C8F-246D-4876-8DD8-235C1F8555DF}.Debug|Any CPU.ActiveCfg = Debug|Any CPU
		{25717C8F-246D-4876-8DD8-235C1F8555DF}.Debug|Any CPU.Build.0 = Debug|Any CPU
		{25717C8F-246D-4876-8DD8-235C1F8555DF}.Release|Any CPU.ActiveCfg = Release|Any CPU
		{25717C8F-246D-4876-8DD8-235C1F8555DF}.Release|Any CPU.Build.0 = Release|Any CPU
		{D6002ABA-8724-42AA-83B4-922F1C92300B}.Debug|Any CPU.ActiveCfg = Debug|Any CPU
		{D6002ABA-8724-42AA-83B4-922F1C92300B}.Debug|Any CPU.Build.0 = Debug|Any CPU
		{D6002ABA-8724-42AA-83B4-922F1C92300B}.Release|Any CPU.ActiveCfg = Release|Any CPU
		{D6002ABA-8724-42AA-83B4-922F1C92300B}.Release|Any CPU.Build.0 = Release|Any CPU
		{2825DB33-5D4E-4072-8238-C93039CCB111}.Debug|Any CPU.ActiveCfg = Debug|Any CPU
		{2825DB33-5D4E-4072-8238-C93039CCB111}.Debug|Any CPU.Build.0 = Debug|Any CPU
		{2825DB33-5D4E-4072-8238-C93039CCB111}.Release|Any CPU.ActiveCfg = Release|Any CPU
		{2825DB33-5D4E-4072-8238-C93039CCB111}.Release|Any CPU.Build.0 = Release|Any CPU
		{FD575EE5-34BB-43A0-B822-00629FD30A27}.Debug|Any CPU.ActiveCfg = Debug|Any CPU
		{FD575EE5-34BB-43A0-B822-00629FD30A27}.Debug|Any CPU.Build.0 = Debug|Any CPU
		{FD575EE5-34BB-43A0-B822-00629FD30A27}.Release|Any CPU.ActiveCfg = Release|Any CPU
		{FD575EE5-34BB-43A0-B822-00629FD30A27}.Release|Any CPU.Build.0 = Release|Any CPU
		{63799E5B-20C2-4DD6-AECB-C07A0459F35E}.Debug|Any CPU.ActiveCfg = Debug|Any CPU
		{63799E5B-20C2-4DD6-AECB-C07A0459F35E}.Debug|Any CPU.Build.0 = Debug|Any CPU
		{63799E5B-20C2-4DD6-AECB-C07A0459F35E}.Release|Any CPU.ActiveCfg = Release|Any CPU
		{63799E5B-20C2-4DD6-AECB-C07A0459F35E}.Release|Any CPU.Build.0 = Release|Any CPU
		{DA68A7E2-B4A8-4577-94C8-7A74F9EABEB6}.Debug|Any CPU.ActiveCfg = Debug|Any CPU
		{DA68A7E2-B4A8-4577-94C8-7A74F9EABEB6}.Debug|Any CPU.Build.0 = Debug|Any CPU
		{DA68A7E2-B4A8-4577-94C8-7A74F9EABEB6}.Release|Any CPU.ActiveCfg = Release|Any CPU
		{DA68A7E2-B4A8-4577-94C8-7A74F9EABEB6}.Release|Any CPU.Build.0 = Release|Any CPU
		{AC5C5E30-5DA5-4F37-9D5A-DC267AB14C2C}.Debug|Any CPU.ActiveCfg = Debug|Any CPU
		{AC5C5E30-5DA5-4F37-9D5A-DC267AB14C2C}.Debug|Any CPU.Build.0 = Debug|Any CPU
		{AC5C5E30-5DA5-4F37-9D5A-DC267AB14C2C}.Release|Any CPU.ActiveCfg = Release|Any CPU
		{AC5C5E30-5DA5-4F37-9D5A-DC267AB14C2C}.Release|Any CPU.Build.0 = Release|Any CPU
		{42F6EC03-C84C-4419-B45A-1F0F0DAA4D56}.Debug|Any CPU.ActiveCfg = Debug|Any CPU
		{42F6EC03-C84C-4419-B45A-1F0F0DAA4D56}.Debug|Any CPU.Build.0 = Debug|Any CPU
		{42F6EC03-C84C-4419-B45A-1F0F0DAA4D56}.Release|Any CPU.ActiveCfg = Release|Any CPU
		{42F6EC03-C84C-4419-B45A-1F0F0DAA4D56}.Release|Any CPU.Build.0 = Release|Any CPU
		{FC6AE347-CA5C-4790-A227-72F9B9C33C85}.Debug|Any CPU.ActiveCfg = Debug|Any CPU
		{FC6AE347-CA5C-4790-A227-72F9B9C33C85}.Debug|Any CPU.Build.0 = Debug|Any CPU
		{FC6AE347-CA5C-4790-A227-72F9B9C33C85}.Release|Any CPU.ActiveCfg = Release|Any CPU
		{FC6AE347-CA5C-4790-A227-72F9B9C33C85}.Release|Any CPU.Build.0 = Release|Any CPU
		{9EA5B310-66A2-4A7C-ABA1-1BA291B81B19}.Debug|Any CPU.ActiveCfg = Debug|Any CPU
		{9EA5B310-66A2-4A7C-ABA1-1BA291B81B19}.Debug|Any CPU.Build.0 = Debug|Any CPU
		{9EA5B310-66A2-4A7C-ABA1-1BA291B81B19}.Release|Any CPU.ActiveCfg = Release|Any CPU
		{9EA5B310-66A2-4A7C-ABA1-1BA291B81B19}.Release|Any CPU.Build.0 = Release|Any CPU
		{205D9CA7-A5B6-40F0-BFB4-850A7BCFDE8B}.Debug|Any CPU.ActiveCfg = Debug|Any CPU
		{205D9CA7-A5B6-40F0-BFB4-850A7BCFDE8B}.Debug|Any CPU.Build.0 = Debug|Any CPU
		{205D9CA7-A5B6-40F0-BFB4-850A7BCFDE8B}.Release|Any CPU.ActiveCfg = Release|Any CPU
		{205D9CA7-A5B6-40F0-BFB4-850A7BCFDE8B}.Release|Any CPU.Build.0 = Release|Any CPU
		{8001E4A5-35A5-4A7D-95B9-494CA902BBA2}.Debug|Any CPU.ActiveCfg = Debug|Any CPU
		{8001E4A5-35A5-4A7D-95B9-494CA902BBA2}.Debug|Any CPU.Build.0 = Debug|Any CPU
		{8001E4A5-35A5-4A7D-95B9-494CA902BBA2}.Release|Any CPU.ActiveCfg = Release|Any CPU
		{8001E4A5-35A5-4A7D-95B9-494CA902BBA2}.Release|Any CPU.Build.0 = Release|Any CPU
		{46EDFF5C-D6C2-4838-AE42-205FC11AC4FC}.Debug|Any CPU.ActiveCfg = Debug|Any CPU
		{46EDFF5C-D6C2-4838-AE42-205FC11AC4FC}.Debug|Any CPU.Build.0 = Debug|Any CPU
		{46EDFF5C-D6C2-4838-AE42-205FC11AC4FC}.Release|Any CPU.ActiveCfg = Release|Any CPU
		{46EDFF5C-D6C2-4838-AE42-205FC11AC4FC}.Release|Any CPU.Build.0 = Release|Any CPU
		{AB563F1F-064D-413B-9EAE-AF206FF15C9F}.Debug|Any CPU.ActiveCfg = Debug|Any CPU
		{AB563F1F-064D-413B-9EAE-AF206FF15C9F}.Debug|Any CPU.Build.0 = Debug|Any CPU
		{AB563F1F-064D-413B-9EAE-AF206FF15C9F}.Release|Any CPU.ActiveCfg = Release|Any CPU
		{AB563F1F-064D-413B-9EAE-AF206FF15C9F}.Release|Any CPU.Build.0 = Release|Any CPU
		{478464FE-D2EB-4A8E-B957-641AA9064FC7}.Debug|Any CPU.ActiveCfg = Debug|Any CPU
		{478464FE-D2EB-4A8E-B957-641AA9064FC7}.Debug|Any CPU.Build.0 = Debug|Any CPU
		{478464FE-D2EB-4A8E-B957-641AA9064FC7}.Release|Any CPU.ActiveCfg = Release|Any CPU
		{478464FE-D2EB-4A8E-B957-641AA9064FC7}.Release|Any CPU.Build.0 = Release|Any CPU
		{4DB6326F-9E8E-4886-A6A8-4355D86D5F97}.Debug|Any CPU.ActiveCfg = Debug|Any CPU
		{4DB6326F-9E8E-4886-A6A8-4355D86D5F97}.Debug|Any CPU.Build.0 = Debug|Any CPU
		{4DB6326F-9E8E-4886-A6A8-4355D86D5F97}.Release|Any CPU.ActiveCfg = Release|Any CPU
		{4DB6326F-9E8E-4886-A6A8-4355D86D5F97}.Release|Any CPU.Build.0 = Release|Any CPU
		{4739670A-93E9-4E70-8917-D4E392901548}.Debug|Any CPU.ActiveCfg = Debug|Any CPU
		{4739670A-93E9-4E70-8917-D4E392901548}.Debug|Any CPU.Build.0 = Debug|Any CPU
		{4739670A-93E9-4E70-8917-D4E392901548}.Release|Any CPU.ActiveCfg = Release|Any CPU
		{4739670A-93E9-4E70-8917-D4E392901548}.Release|Any CPU.Build.0 = Release|Any CPU
		{DE9C5BE5-8F8E-4DAE-BB51-9A3A60844076}.Debug|Any CPU.ActiveCfg = Debug|Any CPU
		{DE9C5BE5-8F8E-4DAE-BB51-9A3A60844076}.Debug|Any CPU.Build.0 = Debug|Any CPU
		{DE9C5BE5-8F8E-4DAE-BB51-9A3A60844076}.Release|Any CPU.ActiveCfg = Release|Any CPU
		{DE9C5BE5-8F8E-4DAE-BB51-9A3A60844076}.Release|Any CPU.Build.0 = Release|Any CPU
		{67265433-78BA-40CF-B524-8C02689DEC9F}.Debug|Any CPU.ActiveCfg = Debug|Any CPU
		{67265433-78BA-40CF-B524-8C02689DEC9F}.Debug|Any CPU.Build.0 = Debug|Any CPU
		{67265433-78BA-40CF-B524-8C02689DEC9F}.Release|Any CPU.ActiveCfg = Release|Any CPU
		{67265433-78BA-40CF-B524-8C02689DEC9F}.Release|Any CPU.Build.0 = Release|Any CPU
		{E516CBEA-1542-462A-8885-12AF9F0D9923}.Debug|Any CPU.ActiveCfg = Debug|Any CPU
		{E516CBEA-1542-462A-8885-12AF9F0D9923}.Debug|Any CPU.Build.0 = Debug|Any CPU
		{E516CBEA-1542-462A-8885-12AF9F0D9923}.Release|Any CPU.ActiveCfg = Release|Any CPU
		{E516CBEA-1542-462A-8885-12AF9F0D9923}.Release|Any CPU.Build.0 = Release|Any CPU
		{669DB51A-F7A3-4915-85C4-843D60C664C8}.Debug|Any CPU.ActiveCfg = Debug|Any CPU
		{669DB51A-F7A3-4915-85C4-843D60C664C8}.Debug|Any CPU.Build.0 = Debug|Any CPU
		{669DB51A-F7A3-4915-85C4-843D60C664C8}.Release|Any CPU.ActiveCfg = Release|Any CPU
		{669DB51A-F7A3-4915-85C4-843D60C664C8}.Release|Any CPU.Build.0 = Release|Any CPU
		{2A3B9C2F-F6FE-4B29-B2BE-5FD052FD23E2}.Debug|Any CPU.ActiveCfg = Debug|Any CPU
		{2A3B9C2F-F6FE-4B29-B2BE-5FD052FD23E2}.Debug|Any CPU.Build.0 = Debug|Any CPU
		{2A3B9C2F-F6FE-4B29-B2BE-5FD052FD23E2}.Release|Any CPU.ActiveCfg = Release|Any CPU
		{2A3B9C2F-F6FE-4B29-B2BE-5FD052FD23E2}.Release|Any CPU.Build.0 = Release|Any CPU
		{9A64A34B-D4ED-4267-AF64-74CAF17270C3}.Debug|Any CPU.ActiveCfg = Debug|Any CPU
		{9A64A34B-D4ED-4267-AF64-74CAF17270C3}.Debug|Any CPU.Build.0 = Debug|Any CPU
		{9A64A34B-D4ED-4267-AF64-74CAF17270C3}.Release|Any CPU.ActiveCfg = Release|Any CPU
		{9A64A34B-D4ED-4267-AF64-74CAF17270C3}.Release|Any CPU.Build.0 = Release|Any CPU
		{CAAD4B77-EAAB-4DF1-8FB2-2D7F5547ACA3}.Debug|Any CPU.ActiveCfg = Debug|Any CPU
		{CAAD4B77-EAAB-4DF1-8FB2-2D7F5547ACA3}.Debug|Any CPU.Build.0 = Debug|Any CPU
		{CAAD4B77-EAAB-4DF1-8FB2-2D7F5547ACA3}.Release|Any CPU.ActiveCfg = Release|Any CPU
		{CAAD4B77-EAAB-4DF1-8FB2-2D7F5547ACA3}.Release|Any CPU.Build.0 = Release|Any CPU
		{2AFE9BC9-67F8-4883-95A9-3DD4F3BF39E9}.Debug|Any CPU.ActiveCfg = Debug|Any CPU
		{2AFE9BC9-67F8-4883-95A9-3DD4F3BF39E9}.Debug|Any CPU.Build.0 = Debug|Any CPU
		{2AFE9BC9-67F8-4883-95A9-3DD4F3BF39E9}.Release|Any CPU.ActiveCfg = Release|Any CPU
		{2AFE9BC9-67F8-4883-95A9-3DD4F3BF39E9}.Release|Any CPU.Build.0 = Release|Any CPU
		{C22A094F-88B8-4BA2-B761-53EF345F1572}.Debug|Any CPU.ActiveCfg = Debug|Any CPU
		{C22A094F-88B8-4BA2-B761-53EF345F1572}.Debug|Any CPU.Build.0 = Debug|Any CPU
		{C22A094F-88B8-4BA2-B761-53EF345F1572}.Release|Any CPU.ActiveCfg = Release|Any CPU
		{C22A094F-88B8-4BA2-B761-53EF345F1572}.Release|Any CPU.Build.0 = Release|Any CPU
		{534271F1-FAFE-4281-BEA3-0EF6FA00C96C}.Debug|Any CPU.ActiveCfg = Debug|Any CPU
		{534271F1-FAFE-4281-BEA3-0EF6FA00C96C}.Debug|Any CPU.Build.0 = Debug|Any CPU
		{534271F1-FAFE-4281-BEA3-0EF6FA00C96C}.Release|Any CPU.ActiveCfg = Release|Any CPU
		{534271F1-FAFE-4281-BEA3-0EF6FA00C96C}.Release|Any CPU.Build.0 = Release|Any CPU
		{50324BA1-2352-42EA-9E1E-CCABAE1871A5}.Debug|Any CPU.ActiveCfg = Debug|Any CPU
		{50324BA1-2352-42EA-9E1E-CCABAE1871A5}.Debug|Any CPU.Build.0 = Debug|Any CPU
		{50324BA1-2352-42EA-9E1E-CCABAE1871A5}.Release|Any CPU.ActiveCfg = Release|Any CPU
		{50324BA1-2352-42EA-9E1E-CCABAE1871A5}.Release|Any CPU.Build.0 = Release|Any CPU
		{1A161232-F63D-44BA-950B-40E034DD6408}.Debug|Any CPU.ActiveCfg = Debug|Any CPU
		{1A161232-F63D-44BA-950B-40E034DD6408}.Debug|Any CPU.Build.0 = Debug|Any CPU
		{1A161232-F63D-44BA-950B-40E034DD6408}.Release|Any CPU.ActiveCfg = Release|Any CPU
		{1A161232-F63D-44BA-950B-40E034DD6408}.Release|Any CPU.Build.0 = Release|Any CPU
		{D8F8F40B-7772-438E-8FA6-8A80DE32F73F}.Debug|Any CPU.ActiveCfg = Debug|Any CPU
		{D8F8F40B-7772-438E-8FA6-8A80DE32F73F}.Debug|Any CPU.Build.0 = Debug|Any CPU
		{D8F8F40B-7772-438E-8FA6-8A80DE32F73F}.Release|Any CPU.ActiveCfg = Release|Any CPU
		{D8F8F40B-7772-438E-8FA6-8A80DE32F73F}.Release|Any CPU.Build.0 = Release|Any CPU
		{9F89F653-D24D-499F-A834-062BF05F9C30}.Debug|Any CPU.ActiveCfg = Debug|Any CPU
		{9F89F653-D24D-499F-A834-062BF05F9C30}.Debug|Any CPU.Build.0 = Debug|Any CPU
		{9F89F653-D24D-499F-A834-062BF05F9C30}.Release|Any CPU.ActiveCfg = Release|Any CPU
		{9F89F653-D24D-499F-A834-062BF05F9C30}.Release|Any CPU.Build.0 = Release|Any CPU
		{9642D433-855C-417F-AC57-FD0F0FABA36F}.Debug|Any CPU.ActiveCfg = Debug|Any CPU
		{9642D433-855C-417F-AC57-FD0F0FABA36F}.Debug|Any CPU.Build.0 = Debug|Any CPU
		{9642D433-855C-417F-AC57-FD0F0FABA36F}.Release|Any CPU.ActiveCfg = Release|Any CPU
		{9642D433-855C-417F-AC57-FD0F0FABA36F}.Release|Any CPU.Build.0 = Release|Any CPU
		{A4988B8E-A874-4A47-9039-6C80BA7759E1}.Debug|Any CPU.ActiveCfg = Debug|Any CPU
		{A4988B8E-A874-4A47-9039-6C80BA7759E1}.Debug|Any CPU.Build.0 = Debug|Any CPU
		{A4988B8E-A874-4A47-9039-6C80BA7759E1}.Release|Any CPU.ActiveCfg = Release|Any CPU
		{A4988B8E-A874-4A47-9039-6C80BA7759E1}.Release|Any CPU.Build.0 = Release|Any CPU
		{E5DC55CB-A5AB-47A9-A904-33942935AEDC}.Debug|Any CPU.ActiveCfg = Debug|Any CPU
		{E5DC55CB-A5AB-47A9-A904-33942935AEDC}.Debug|Any CPU.Build.0 = Debug|Any CPU
		{E5DC55CB-A5AB-47A9-A904-33942935AEDC}.Release|Any CPU.ActiveCfg = Release|Any CPU
		{E5DC55CB-A5AB-47A9-A904-33942935AEDC}.Release|Any CPU.Build.0 = Release|Any CPU
		{C4CF91B4-6A9A-4ED5-A7B7-A7435EF061C4}.Debug|Any CPU.ActiveCfg = Debug|Any CPU
		{C4CF91B4-6A9A-4ED5-A7B7-A7435EF061C4}.Debug|Any CPU.Build.0 = Debug|Any CPU
		{C4CF91B4-6A9A-4ED5-A7B7-A7435EF061C4}.Release|Any CPU.ActiveCfg = Release|Any CPU
		{C4CF91B4-6A9A-4ED5-A7B7-A7435EF061C4}.Release|Any CPU.Build.0 = Release|Any CPU
		{0946C032-EBC6-4AF4-BEB8-235A64FFEBEC}.Debug|Any CPU.ActiveCfg = Debug|Any CPU
		{0946C032-EBC6-4AF4-BEB8-235A64FFEBEC}.Debug|Any CPU.Build.0 = Debug|Any CPU
		{0946C032-EBC6-4AF4-BEB8-235A64FFEBEC}.Release|Any CPU.ActiveCfg = Release|Any CPU
		{0946C032-EBC6-4AF4-BEB8-235A64FFEBEC}.Release|Any CPU.Build.0 = Release|Any CPU
		{2C932C31-9E47-46ED-8527-877CFA135FA7}.Debug|Any CPU.ActiveCfg = Debug|Any CPU
		{2C932C31-9E47-46ED-8527-877CFA135FA7}.Debug|Any CPU.Build.0 = Debug|Any CPU
		{2C932C31-9E47-46ED-8527-877CFA135FA7}.Release|Any CPU.ActiveCfg = Release|Any CPU
		{2C932C31-9E47-46ED-8527-877CFA135FA7}.Release|Any CPU.Build.0 = Release|Any CPU
	EndGlobalSection
	GlobalSection(SolutionProperties) = preSolution
		HideSolutionNode = FALSE
	EndGlobalSection
	GlobalSection(NestedProjects) = preSolution
		{DA545C49-846E-4539-A39E-8ACC10ED7BF2} = {D9859DA8-52CD-4A95-B3FC-C6593701D898}
		{457466B1-856F-49AF-B826-083536FE3D29} = {5851673A-83C8-446D-8D61-78A647D3EEF7}
		{67E1CA80-D789-4CF0-87A7-4AFAEAFE7365} = {5851673A-83C8-446D-8D61-78A647D3EEF7}
		{84A75CB7-1EE8-4045-93D1-CDB517FF91E7} = {4C6EA1BB-D9E6-489C-89D2-47532C07BA4F}
		{33069A50-38EA-4727-8E9D-E84C4BAD2A69} = {4D884391-403B-44BE-9BCD-729BBDBB987F}
		{007D963A-04DF-492C-9586-C3700FF952DC} = {4D884391-403B-44BE-9BCD-729BBDBB987F}
		{1ADC6FFA-5719-4697-80C7-8A67B915F416} = {4D884391-403B-44BE-9BCD-729BBDBB987F}
		{2D4A0CD3-6345-4E51-B955-3EE8AEE87BF0} = {4D884391-403B-44BE-9BCD-729BBDBB987F}
		{45350221-0922-401B-803C-64AB3FF8CE8F} = {4D884391-403B-44BE-9BCD-729BBDBB987F}
		{E7C38947-6562-48F7-B3E9-2E846A82428D} = {4D884391-403B-44BE-9BCD-729BBDBB987F}
		{29309787-5B44-4A57-B57B-A9095A1E8102} = {4D884391-403B-44BE-9BCD-729BBDBB987F}
		{C86ED7AA-272C-496B-8583-2C56FE3BBF78} = {4D884391-403B-44BE-9BCD-729BBDBB987F}
		{4EFE8520-5658-44AF-8A7A-D53C5D4CBFE2} = {4D884391-403B-44BE-9BCD-729BBDBB987F}
		{C42C68EE-CA1D-435F-B925-BE8BA312BF83} = {4D884391-403B-44BE-9BCD-729BBDBB987F}
		{3FDA7227-40C6-4BD6-8FD2-CFFE59D03A8C} = {4D884391-403B-44BE-9BCD-729BBDBB987F}
		{AD89E9E1-394D-4B7C-9BB2-2C1427AAD901} = {F08013FE-D8B2-4A5F-997C-C17813B8FD88}
		{E9BA2E97-F0A5-4910-9EB9-E454F073995C} = {F08013FE-D8B2-4A5F-997C-C17813B8FD88}
		{399A9FA9-98FD-4477-81DE-6161FA669A9C} = {F08013FE-D8B2-4A5F-997C-C17813B8FD88}
		{3EDF11BC-D1E6-47B0-AB15-454998708F68} = {F08013FE-D8B2-4A5F-997C-C17813B8FD88}
		{4C73293F-6AEE-438F-9E5B-F22B4BB4E7EE} = {AF946C0E-FE75-4DA9-9A3B-F5074E763CF1}
		{1A8F0799-AC98-48AB-B714-5082BDAAB7B0} = {AF946C0E-FE75-4DA9-9A3B-F5074E763CF1}
		{15E519A0-C288-4407-AF5C-EEFC36B09E2A} = {AF946C0E-FE75-4DA9-9A3B-F5074E763CF1}
		{13A8DD34-4101-4C13-BCC2-4B3FDA7BDECA} = {A82BB8A1-CAE7-4ADE-A9D6-64E25FBCBD82}
		{25717C8F-246D-4876-8DD8-235C1F8555DF} = {AF946C0E-FE75-4DA9-9A3B-F5074E763CF1}
		{D6002ABA-8724-42AA-83B4-922F1C92300B} = {C302B95F-34D2-4C3E-B709-62D53B9BE8B0}
		{2825DB33-5D4E-4072-8238-C93039CCB111} = {C302B95F-34D2-4C3E-B709-62D53B9BE8B0}
		{FD575EE5-34BB-43A0-B822-00629FD30A27} = {572EA565-3C7C-4F2A-A701-67B12F119F88}
		{63799E5B-20C2-4DD6-AECB-C07A0459F35E} = {4C6EA1BB-D9E6-489C-89D2-47532C07BA4F}
		{DA68A7E2-B4A8-4577-94C8-7A74F9EABEB6} = {C6EDD2B3-BC7F-4C76-8B18-EAFD3936CDCE}
		{AC5C5E30-5DA5-4F37-9D5A-DC267AB14C2C} = {50C27B25-FEAA-41E9-BE78-11BE6804D6C8}
		{42F6EC03-C84C-4419-B45A-1F0F0DAA4D56} = {50C27B25-FEAA-41E9-BE78-11BE6804D6C8}
		{FC6AE347-CA5C-4790-A227-72F9B9C33C85} = {50C27B25-FEAA-41E9-BE78-11BE6804D6C8}
		{9EA5B310-66A2-4A7C-ABA1-1BA291B81B19} = {50C27B25-FEAA-41E9-BE78-11BE6804D6C8}
		{205D9CA7-A5B6-40F0-BFB4-850A7BCFDE8B} = {6EBBFE0E-BA18-45D5-A625-CEBCDBD4B43D}
		{8001E4A5-35A5-4A7D-95B9-494CA902BBA2} = {6EBBFE0E-BA18-45D5-A625-CEBCDBD4B43D}
		{46EDFF5C-D6C2-4838-AE42-205FC11AC4FC} = {6EBBFE0E-BA18-45D5-A625-CEBCDBD4B43D}
		{AB563F1F-064D-413B-9EAE-AF206FF15C9F} = {CE90FAE8-E557-4AF0-B990-A322B60ADC5E}
		{478464FE-D2EB-4A8E-B957-641AA9064FC7} = {6EBBFE0E-BA18-45D5-A625-CEBCDBD4B43D}
		{4DB6326F-9E8E-4886-A6A8-4355D86D5F97} = {CE90FAE8-E557-4AF0-B990-A322B60ADC5E}
		{4739670A-93E9-4E70-8917-D4E392901548} = {CE90FAE8-E557-4AF0-B990-A322B60ADC5E}
		{DE9C5BE5-8F8E-4DAE-BB51-9A3A60844076} = {CE90FAE8-E557-4AF0-B990-A322B60ADC5E}
		{0A0ADF37-1EB2-429B-BDF9-9005EF956483} = {C64711A2-46B9-410E-8366-1359B7D16D3B}
		{67265433-78BA-40CF-B524-8C02689DEC9F} = {0A0ADF37-1EB2-429B-BDF9-9005EF956483}
		{E516CBEA-1542-462A-8885-12AF9F0D9923} = {0A0ADF37-1EB2-429B-BDF9-9005EF956483}
		{669DB51A-F7A3-4915-85C4-843D60C664C8} = {0A0ADF37-1EB2-429B-BDF9-9005EF956483}
		{2A3B9C2F-F6FE-4B29-B2BE-5FD052FD23E2} = {0A0ADF37-1EB2-429B-BDF9-9005EF956483}
		{9A64A34B-D4ED-4267-AF64-74CAF17270C3} = {0A0ADF37-1EB2-429B-BDF9-9005EF956483}
		{CAAD4B77-EAAB-4DF1-8FB2-2D7F5547ACA3} = {C64711A2-46B9-410E-8366-1359B7D16D3B}
		{2AFE9BC9-67F8-4883-95A9-3DD4F3BF39E9} = {6EBBFE0E-BA18-45D5-A625-CEBCDBD4B43D}
		{C22A094F-88B8-4BA2-B761-53EF345F1572} = {6EBBFE0E-BA18-45D5-A625-CEBCDBD4B43D}
		{534271F1-FAFE-4281-BEA3-0EF6FA00C96C} = {CE90FAE8-E557-4AF0-B990-A322B60ADC5E}
		{50324BA1-2352-42EA-9E1E-CCABAE1871A5} = {CE90FAE8-E557-4AF0-B990-A322B60ADC5E}
		{1A161232-F63D-44BA-950B-40E034DD6408} = {6EBBFE0E-BA18-45D5-A625-CEBCDBD4B43D}
		{D8F8F40B-7772-438E-8FA6-8A80DE32F73F} = {6EBBFE0E-BA18-45D5-A625-CEBCDBD4B43D}
		{9F89F653-D24D-499F-A834-062BF05F9C30} = {6EBBFE0E-BA18-45D5-A625-CEBCDBD4B43D}
		{9642D433-855C-417F-AC57-FD0F0FABA36F} = {2E74F616-58C7-4860-B753-9F677C7CB905}
		{A4988B8E-A874-4A47-9039-6C80BA7759E1} = {3BDDD0AB-247A-480C-A578-ACDE2C8EA474}
		{E5DC55CB-A5AB-47A9-A904-33942935AEDC} = {083AD63F-D594-4D0E-AED0-BBBDDC3188A5}
		{C4CF91B4-6A9A-4ED5-A7B7-A7435EF061C4} = {3BDDD0AB-247A-480C-A578-ACDE2C8EA474}
		{0946C032-EBC6-4AF4-BEB8-235A64FFEBEC} = {083AD63F-D594-4D0E-AED0-BBBDDC3188A5}
		{2C932C31-9E47-46ED-8527-877CFA135FA7} = {3BDDD0AB-247A-480C-A578-ACDE2C8EA474}
	EndGlobalSection
	GlobalSection(ExtensibilityGlobals) = postSolution
		SolutionGuid = {60A35DE2-AB19-44EA-8EFB-64BD3EE1B025}
	EndGlobalSection
EndGlobal
